
Microsoft Visual Studio Solution File, Format Version 12.00
# Visual Studio Version 17
VisualStudioVersion = 17.8.34511.84
MinimumVisualStudioVersion = 10.0.40219.1
Project("{FAE04EC0-301F-11D3-BF4B-00C04F79EFBC}") = "KillMyChildren", "KillMyChildren\KillMyChildren.csproj", "{7AF964CF-E6FD-429E-8464-71C0B18E82BA}"
EndProject
Global
	GlobalSection(SolutionConfigurationPlatforms) = preSolution
		Debug|Any CPU = Debug|Any CPU
		Release|Any CPU = Release|Any CPU
	EndGlobalSection
	GlobalSection(ProjectConfigurationPlatforms) = postSolution
		{7AF964CF-E6FD-429E-8464-71C0B18E82BA}.Debug|Any CPU.ActiveCfg = Debug|Any CPU
		{7AF964CF-E6FD-429E-8464-71C0B18E82BA}.Debug|Any CPU.Build.0 = Debug|Any CPU
		{7AF964CF-E6FD-429E-8464-71C0B18E82BA}.Release|Any CPU.ActiveCfg = Release|Any CPU
		{7AF964CF-E6FD-429E-8464-71C0B18E82BA}.Release|Any CPU.Build.0 = Release|Any CPU
	EndGlobalSection
	GlobalSection(SolutionProperties) = preSolution
		HideSolutionNode = FALSE
	EndGlobalSection
	GlobalSection(ExtensibilityGlobals) = postSolution
		SolutionGuid = {8571262D-9059-417D-AD75-54EBF07B0132}
	EndGlobalSection
EndGlobal
